
Microsoft Visual Studio Solution File, Format Version 12.00
# Visual Studio Version 17
VisualStudioVersion = 17.3.32929.385
MinimumVisualStudioVersion = 10.0.40219.1
Project("{FAE04EC0-301F-11D3-BF4B-00C04F79EFBC}") = "Mdarcsircsergg", "Mdarcsircsergg.csproj", "{CC5516DB-AD39-419D-AD2E-AC5D4DA3EA59}"
EndProject
Global
	GlobalSection(SolutionConfigurationPlatforms) = preSolution
		Debug|Any CPU = Debug|Any CPU
		Release|Any CPU = Release|Any CPU
	EndGlobalSection
	GlobalSection(ProjectConfigurationPlatforms) = postSolution
		{CC5516DB-AD39-419D-AD2E-AC5D4DA3EA59}.Debug|Any CPU.ActiveCfg = Debug|Any CPU
		{CC5516DB-AD39-419D-AD2E-AC5D4DA3EA59}.Debug|Any CPU.Build.0 = Debug|Any CPU
		{CC5516DB-AD39-419D-AD2E-AC5D4DA3EA59}.Release|Any CPU.ActiveCfg = Release|Any CPU
		{CC5516DB-AD39-419D-AD2E-AC5D4DA3EA59}.Release|Any CPU.Build.0 = Release|Any CPU
	EndGlobalSection
	GlobalSection(SolutionProperties) = preSolution
		HideSolutionNode = FALSE
	EndGlobalSection
	GlobalSection(ExtensibilityGlobals) = postSolution
		SolutionGuid = {6402A593-5B45-4C98-883D-533C59C37C99}
	EndGlobalSection
EndGlobal
